
Microsoft Visual Studio Solution File, Format Version 12.00
# Visual Studio Version 17
VisualStudioVersion = 17.5.002.0
MinimumVisualStudioVersion = 10.0.40219.1
Project("{9A19103F-16F7-4668-BE54-9A1E7A4F7556}") = "Api", "Api\Api.csproj", "{9FA700B2-BE3A-40BE-B620-69D4EF76C9BD}"
EndProject
Global
	GlobalSection(SolutionConfigurationPlatforms) = preSolution
		Debug|Any CPU = Debug|Any CPU
		Release|Any CPU = Release|Any CPU
	EndGlobalSection
	GlobalSection(ProjectConfigurationPlatforms) = postSolution
		{9FA700B2-BE3A-40BE-B620-69D4EF76C9BD}.Debug|Any CPU.ActiveCfg = Debug|Any CPU
		{9FA700B2-BE3A-40BE-B620-69D4EF76C9BD}.Debug|Any CPU.Build.0 = Debug|Any CPU
		{9FA700B2-BE3A-40BE-B620-69D4EF76C9BD}.Release|Any CPU.ActiveCfg = Release|Any CPU
		{9FA700B2-BE3A-40BE-B620-69D4EF76C9BD}.Release|Any CPU.Build.0 = Release|Any CPU
	EndGlobalSection
	GlobalSection(SolutionProperties) = preSolution
		HideSolutionNode = FALSE
	EndGlobalSection
	GlobalSection(ExtensibilityGlobals) = postSolution
		SolutionGuid = {47090205-219D-404E-8EF7-519245D63772}
	EndGlobalSection
EndGlobal
